<?xml version="1.0" encoding="utf-8"?>
<Project ToolsVersion="4.0" xmlns="http://schemas.microsoft.com/developer/msbuild/2003">
  <ItemGroup>
    <Filter Include="Core">
      <UniqueIdentifier>{00000000-0000-0000-0000-000000000001}</UniqueIdentifier>
    </Filter>
    <Filter Include="Managers">
      <UniqueIdentifier>{00000000-0000-0000-0000-000000000002}</UniqueIdentifier>
    </Filter>
    <Filter Include="GameObjects">
      <UniqueIdentifier>{00000000-0000-0000-0000-000000000003}</UniqueIdentifier>
    </Filter>
    <Filter Include="GameObjects\Enemies">
      <UniqueIdentifier>{00000000-0000-0000-0000-000000000004}</UniqueIdentifier>
    </Filter>
    <Filter Include="GameObjects\Enemies\BossStates">
      <UniqueIdentifier>{00000000-0000-0000-0000-000000000005}</UniqueIdentifier>
    </Filter>
    <Filter Include="GameObjects\Projectiles">
      <UniqueIdentifier>{00000000-0000-0000-0000-000000000006}</UniqueIdentifier>
    </Filter>
    <Filter Include="GameObjects\Effects">
      <UniqueIdentifier>{00000000-0000-0000-0000-000000000007}</UniqueIdentifier>
    </Filter>
    <Filter Include="GameObjects\Weapons &amp; Items">
      <UniqueIdentifier>{00000000-0000-0000-0000-000000000008}</UniqueIdentifier>
    </Filter>
    <Filter Include="Resources">
      <UniqueIdentifier>{00000000-0000-0000-0000-000000000011}</UniqueIdentifier>
    </Filter>
    <Filter Include="Resources\Sounds">
      <UniqueIdentifier>{00000000-0000-0000-0000-000000000012}</UniqueIdentifier>
    </Filter>
    <Filter Include="Resources\Sprites">
      <UniqueIdentifier>{00000000-0000-0000-0000-000000000013}</UniqueIdentifier>
    </Filter>
  </ItemGroup>
  <ItemGroup>
    <ClCompile Include="Gyeongseong97.cpp">
      <Filter>Core</Filter>
    </ClCompile>
    <ClCompile Include="Utility.cpp">
      <Filter>Core</Filter>
    </ClCompile>
    <ClInclude Include="GameConstants.h">
      <Filter>Core</Filter>
    </ClInclude>
    <ClInclude Include="Utility.h">
      <Filter>Core</Filter>
    </ClInclude>
    <ClCompile Include="AudioManager.cpp">
      <Filter>Managers</Filter>
    </ClCompile>
    <ClCompile Include="CollisionManager.cpp">
      <Filter>Managers</Filter>
    </ClCompile>
    <ClCompile Include="GameManager.cpp">
      <Filter>Managers</Filter>
    </ClCompile>
    <ClCompile Include="ImageLoader.cpp">
      <Filter>Managers</Filter>
    </ClCompile>
    <ClCompile Include="InputManager.cpp">
      <Filter>Managers</Filter>
    </ClCompile>
    <ClCompile Include="RenderSystem.cpp">
      <Filter>Managers</Filter>
    </ClCompile>
    <ClCompile Include="StageManager.cpp">
      <Filter>Managers</Filter>
    </ClCompile>
    <ClInclude Include="AudioManager.h">
      <Filter>Managers</Filter>
    </ClInclude>
    <ClInclude Include="CollisionManager.h">
      <Filter>Managers</Filter>
    </ClInclude>
    <ClInclude Include="GameManager.h">
      <Filter>Managers</Filter>
    </ClInclude>
    <ClInclude Include="ImageLoader.h">
      <Filter>Managers</Filter>
    </ClInclude>
    <ClInclude Include="InputManager.h">
      <Filter>Managers</Filter>
    </ClInclude>
    <ClInclude Include="RenderSystem.h">
      <Filter>Managers</Filter>
    </ClInclude>
    <ClInclude Include="StageManager.h">
      <Filter>Managers</Filter>
    </ClInclude>
    <ClCompile Include="GameObject.cpp">
      <Filter>GameObjects</Filter>
    </ClCompile>
    <ClCompile Include="Player.cpp">
      <Filter>GameObjects</Filter>
    </ClCompile>
    <ClCompile Include="PlayingSoundInfo.cpp">
      <Filter>GameObjects</Filter>
    </ClCompile>
    <ClInclude Include="GameObject.h">
      <Filter>GameObjects</Filter>
    </ClInclude>
    <ClInclude Include="Player.h">
      <Filter>GameObjects</Filter>
    </ClInclude>
    <ClInclude Include="PlayingSoundInfo.h">
      <Filter>GameObjects</Filter>
    </ClInclude>
    <ClCompile Include="Enemy.cpp">
      <Filter>GameObjects\Enemies</Filter>
    </ClCompile>
    <ClCompile Include="EnemyFactory.cpp">
      <Filter>GameObjects\Enemies</Filter>
    </ClCompile>
    <ClCompile Include="Vanguard.cpp">
      <Filter>GameObjects\Enemies</Filter>
    </ClCompile>
    <ClCompile Include="Carmikaze.cpp">
      <Filter>GameObjects\Enemies</Filter>
    </ClCompile>
    <ClCompile Include="Narration.cpp">
      <Filter>GameObjects\Enemies</Filter>
    </ClCompile>
    <ClInclude Include="Enemy.h">
      <Filter>GameObjects\Enemies</Filter>
    </ClInclude>
    <ClInclude Include="EnemyFactory.h">
      <Filter>GameObjects\Enemies</Filter>
    </ClInclude>
    <ClInclude Include="Vanguard.h">
      <Filter>GameObjects\Enemies</Filter>
    </ClInclude>
    <ClInclude Include="Carmikaze.h">
      <Filter>GameObjects\Enemies</Filter>
    </ClInclude>
    <ClInclude Include="Narration.h">
      <Filter>GameObjects\Enemies</Filter>
    </ClInclude>
    <ClCompile Include="BossState.cpp">
      <Filter>GameObjects\Enemies\BossStates</Filter>
    </ClCompile>
    <ClCompile Include="BossStateAppeared.cpp">
      <Filter>GameObjects\Enemies\BossStates</Filter>
    </ClCompile>
    <ClCompile Include="BossStateAttackDive.cpp">
      <Filter>GameObjects\Enemies\BossStates</Filter>
    </ClCompile>
    <ClCompile Include="BossStateAttackShot.cpp">
      <Filter>GameObjects\Enemies\BossStates</Filter>
    </ClCompile>
    <ClCompile Include="BossStateDeath.cpp">
      <Filter>GameObjects\Enemies\BossStates</Filter>
    </ClCompile>
    <ClCompile Include="BossStateIdle.cpp">
      <Filter>GameObjects\Enemies\BossStates</Filter>
    </ClCompile>
    <ClCompile Include="BossStateSpawnCarmikaze.cpp">
      <Filter>GameObjects\Enemies\BossStates</Filter>
    </ClCompile>
    <ClCompile Include="BossStateSpawnVanguard.cpp">
      <Filter>GameObjects\Enemies\BossStates</Filter>
    </ClCompile>
    <ClInclude Include="BossState.h">
      <Filter>GameObjects\Enemies\BossStates</Filter>
    </ClInclude>
    <ClInclude Include="BossStateAppeared.h">
      <Filter>GameObjects\Enemies\BossStates</Filter>
    </ClInclude>
    <ClInclude Include="BossStateAttackDive.h">
      <Filter>GameObjects\Enemies\BossStates</Filter>
    </ClInclude>
    <ClInclude Include="BossStateAttackShot.h">
      <Filter>GameObjects\Enemies\BossStates</Filter>
    </ClInclude>
    <ClInclude Include="BossStateDeath.h">
      <Filter>GameObjects\Enemies\BossStates</Filter>
    </ClInclude>
    <ClInclude Include="BossStateIdle.h">
      <Filter>GameObjects\Enemies\BossStates</Filter>
    </ClInclude>
    <ClInclude Include="BossStateSpawnCarmikaze.h">
      <Filter>GameObjects\Enemies\BossStates</Filter>
    </ClInclude>
    <ClInclude Include="BossStateSpawnVanguard.h">
      <Filter>GameObjects\Enemies\BossStates</Filter>
    </ClInclude>
    <ClCompile Include="Bullet.cpp">
      <Filter>GameObjects\Projectiles</Filter>
    </ClCompile>
    <ClCompile Include="BulletPool.cpp">
      <Filter>GameObjects\Projectiles</Filter>
    </ClCompile>
    <ClInclude Include="Bullet.h">
      <Filter>GameObjects\Projectiles</Filter>
    </ClInclude>
    <ClInclude Include="BulletPool.h">
      <Filter>GameObjects\Projectiles</Filter>
    </ClInclude>
    <ClCompile Include="Explosion.cpp">
      <Filter>GameObjects\Effects</Filter>
    </ClCompile>
    <ClCompile Include="ExplosionPool.cpp">
      <Filter>GameObjects\Effects</Filter>
    </ClCompile>
    <ClInclude Include="Explosion.h">
      <Filter>GameObjects\Effects</Filter>
    </ClInclude>
    <ClInclude Include="ExplosionPool.h">
      <Filter>GameObjects\Effects</Filter>
    </ClInclude>
    <ClCompile Include="Weapon.cpp">
      <Filter>GameObjects\Weapons &amp; Items</Filter>
    </ClCompile>
    <ClCompile Include="WeaponItem.cpp">
      <Filter>GameObjects\Weapons &amp; Items</Filter>
    </ClCompile>
    <ClCompile Include="ItemFactory.cpp">
      <Filter>GameObjects\Weapons &amp; Items</Filter>
    </ClCompile>
    <ClInclude Include="Weapon.h">
      <Filter>GameObjects\Weapons &amp; Items</Filter>
    </ClInclude>
    <ClInclude Include="WeaponItem.h">
      <Filter>GameObjects\Weapons &amp; Items</Filter>
    </ClInclude>
    <ClInclude Include="ItemFactory.h">
      <Filter>GameObjects\Weapons &amp; Items</Filter>
    </ClInclude>
  </ItemGroup>
  <ItemGroup>
    <Media Include="Sounds\bgm_hero.mp3">
      <Filter>Resources\Sounds</Filter>
    </Media>
    <Media Include="Sounds\bgm_hk97_16bit.mp3">
      <Filter>Resources\Sounds</Filter>
    </Media>
    <Media Include="Sounds\bgm_outro.mp3">
      <Filter>Resources\Sounds</Filter>
    </Media>
    <Media Include="Sounds\sfx_car.wav">
      <Filter>Resources\Sounds</Filter>
    </Media>
    <Media Include="Sounds\sfx_explosion.wav">
      <Filter>Resources\Sounds</Filter>
    </Media>
    <Media Include="Sounds\sfx_gunfire.wav">
      <Filter>Resources\Sounds</Filter>
    </Media>
  </ItemGroup>
  <ItemGroup>
    <Image Include="Sprites\background.png">
      <Filter>Resources\Sprites</Filter>
    </Image>
    <Image Include="Sprites\enemy_Carmikaze.png">
      <Filter>Resources\Sprites</Filter>
    </Image>
    <Image Include="Sprites\enemy_Instigated.png">
      <Filter>Resources\Sprites</Filter>
    </Image>
    <Image Include="Sprites\enemy_narration.png">
      <Filter>Resources\Sprites</Filter>
    </Image>
    <Image Include="Sprites\enemy_vanguard.png">
      <Filter>Resources\Sprites</Filter>
    </Image>
    <Image Include="Sprites\intro_kdh.png">
      <Filter>Resources\Sprites</Filter>
    </Image>
    <Image Include="Sprites\intro_narration.png">
      <Filter>Resources\Sprites</Filter>
    </Image>
    <Image Include="Sprites\intro_reds.png">
      <Filter>Resources\Sprites</Filter>
    </Image>
    <Image Include="Sprites\intro_sy.png">
      <Filter>Resources\Sprites</Filter>
    </Image>
    <Image Include="Sprites\item_bomb.png">
      <Filter>Resources\Sprites</Filter>
    </Image>
    <Image Include="Sprites\item_bomb_get.png">
      <Filter>Resources\Sprites</Filter>
    </Image>
    <Image Include="Sprites\item_bullet.png">
      <Filter>Resources\Sprites</Filter>
    </Image>
    <Image Include="Sprites\item_bullet_get.png">
      <Filter>Resources\Sprites</Filter>
    </Image>
    <Image Include="Sprites\player.png">
      <Filter>Resources\Sprites</Filter>
    </Image>
    <Image Include="Sprites\player_death.png">
      <Filter>Resources\Sprites</Filter>
    </Image>
  </ItemGroup>
</Project>